// !$*UTF8*$!
{
	archiveVersion = 1;
	classes = {
	};
	objectVersion = 46;
	objects = {

/* Begin PBXBuildFile section */
		711551D91C2224B100B0846B /* Library.swift in Sources */ = {isa = PBXBuildFile; fileRef = 711551D81C2224B100B0846B /* Library.swift */; };
		71444C711C21041900BD7407 /* main.swift in Sources */ = {isa = PBXBuildFile; fileRef = 71444C701C21041900BD7407 /* main.swift */; };
		71444C781C21043F00BD7407 /* Book.swift in Sources */ = {isa = PBXBuildFile; fileRef = 71444C771C21043F00BD7407 /* Book.swift */; };
		71444C7A1C21054A00BD7407 /* Pool.swift in Sources */ = {isa = PBXBuildFile; fileRef = 71444C791C21054A00BD7407 /* Pool.swift */; };
/* End PBXBuildFile section */

/* Begin PBXCopyFilesBuildPhase section */
		71444C6B1C21041900BD7407 /* CopyFiles */ = {
			isa = PBXCopyFilesBuildPhase;
			buildActionMask = 2147483647;
			dstPath = /usr/share/man/man1/;
			dstSubfolderSpec = 0;
			files = (
			);
			runOnlyForDeploymentPostprocessing = 1;
		};
/* End PBXCopyFilesBuildPhase section */

/* Begin PBXFileReference section */
		711551D81C2224B100B0846B /* Library.swift */ = {isa = PBXFileReference; fileEncoding = 4; lastKnownFileType = sourcecode.swift; path = Library.swift; sourceTree = "<group>"; };
		71444C6D1C21041900BD7407 /* ObjectPool */ = {isa = PBXFileReference; explicitFileType = "compiled.mach-o.executable"; includeInIndex = 0; path = ObjectPool; sourceTree = BUILT_PRODUCTS_DIR; };
		71444C701C21041900BD7407 /* main.swift */ = {isa = PBXFileReference; lastKnownFileType = sourcecode.swift; path = main.swift; sourceTree = "<group>"; };
		71444C771C21043F00BD7407 /* Book.swift */ = {isa = PBXFileReference; fileEncoding = 4; lastKnownFileType = sourcecode.swift; path = Book.swift; sourceTree = "<group>"; };
		71444C791C21054A00BD7407 /* Pool.swift */ = {isa = PBXFileReference; fileEncoding = 4; lastKnownFileType = sourcecode.swift; path = Pool.swift; sourceTree = "<group>"; };
/* End PBXFileReference section */

/* Begin PBXFrameworksBuildPhase section */
		71444C6A1C21041900BD7407 /* Frameworks */ = {
			isa = PBXFrameworksBuildPhase;
			buildActionMask = 2147483647;
			files = (
			);
			runOnlyForDeploymentPostprocessing = 0;
		};
/* End PBXFrameworksBuildPhase section */

/* Begin PBXGroup section */
		71444C641C21041900BD7407 = {
			isa = PBXGroup;
			children = (
				71444C6F1C21041900BD7407 /* ObjectPool */,
				71444C6E1C21041900BD7407 /* Products */,
			);
			sourceTree = "<group>";
		};
		71444C6E1C21041900BD7407 /* Products */ = {
			isa = PBXGroup;
			children = (
				71444C6D1C21041900BD7407 /* ObjectPool */,
			);
			name = Products;
			sourceTree = "<group>";
		};
		71444C6F1C21041900BD7407 /* ObjectPool */ = {
			isa = PBXGroup;
			children = (
				71444C701C21041900BD7407 /* main.swift */,
				71444C771C21043F00BD7407 /* Book.swift */,
				71444C791C21054A00BD7407 /* Pool.swift */,
				711551D81C2224B100B0846B /* Library.swift */,
			);
			path = ObjectPool;
			sourceTree = "<group>";
		};
/* End PBXGroup section */

/* Begin PBXNativeTarget section */
		71444C6C1C21041900BD7407 /* ObjectPool */ = {
			isa = PBXNativeTarget;
			buildConfigurationList = 71444C741C21041900BD7407 /* Build configuration list for PBXNativeTarget "ObjectPool" */;
			buildPhases = (
				71444C691C21041900BD7407 /* Sources */,
				71444C6A1C21041900BD7407 /* Frameworks */,
				71444C6B1C21041900BD7407 /* CopyFiles */,
			);
			buildRules = (
			);
			dependencies = (
			);
			name = ObjectPool;
			productName = ObjectPool;
			productReference = 71444C6D1C21041900BD7407 /* ObjectPool */;
			productType = "com.apple.product-type.tool";
		};
/* End PBXNativeTarget section */

/* Begin PBXProject section */
		71444C651C21041900BD7407 /* Project object */ = {
			isa = PBXProject;
			attributes = {
				LastSwiftUpdateCheck = 0720;
				LastUpgradeCheck = 0720;
				ORGANIZATIONNAME = fierlion;
				TargetAttributes = {
					71444C6C1C21041900BD7407 = {
						CreatedOnToolsVersion = 7.2;
					};
				};
			};
			buildConfigurationList = 71444C681C21041900BD7407 /* Build configuration list for PBXProject "ObjectPool" */;
			compatibilityVersion = "Xcode 3.2";
			developmentRegion = English;
			hasScannedForEncodings = 0;
			knownRegions = (
				en,
			);
			mainGroup = 71444C641C21041900BD7407;
			productRefGroup = 71444C6E1C21041900BD7407 /* Products */;
			projectDirPath = "";
			projectRoot = "";
			targets = (
				71444C6C1C21041900BD7407 /* ObjectPool */,
			);
		};
/* End PBXProject section */

/* Begin PBXSourcesBuildPhase section */
		71444C691C21041900BD7407 /* Sources */ = {
			isa = PBXSourcesBuildPhase;
			buildActionMask = 2147483647;
			files = (
				71444C7A1C21054A00BD7407 /* Pool.swift in Sources */,
				711551D91C2224B100B0846B /* Library.swift in Sources */,
				71444C781C21043F00BD7407 /* Book.swift in Sources */,
				71444C711C21041900BD7407 /* main.swift in Sources */,
			);
			runOnlyForDeploymentPostprocessing = 0;
		};
/* End PBXSourcesBuildPhase section */

/* Begin XCBuildConfiguration section */
		71444C721C21041900BD7407 /* Debug */ = {
			isa = XCBuildConfiguration;
			buildSettings = {
				ALWAYS_SEARCH_USER_PATHS = NO;
				CLANG_CXX_LANGUAGE_STANDARD = "gnu++0x";
				CLANG_CXX_LIBRARY = "libc++";
				CLANG_ENABLE_MODULES = YES;
				CLANG_ENABLE_OBJC_ARC = YES;
				CLANG_WARN_BOOL_CONVERSION = YES;
				CLANG_WARN_CONSTANT_CONVERSION = YES;
				CLANG_WARN_DIRECT_OBJC_ISA_USAGE = YES_ERROR;
				CLANG_WARN_EMPTY_BODY = YES;
				CLANG_WARN_ENUM_CONVERSION = YES;
				CLANG_WARN_INT_CONVERSION = YES;
				CLANG_WARN_OBJC_ROOT_CLASS = YES_ERROR;
				CLANG_WARN_UNREACHABLE_CODE = YES;
				CLANG_WARN__DUPLICATE_METHOD_MATCH = YES;
				CODE_SIGN_IDENTITY = "-";
				COPY_PHASE_STRIP = NO;
				DEBUG_INFORMATION_FORMAT = dwarf;
				ENABLE_STRICT_OBJC_MSGSEND = YES;
				ENABLE_TESTABILITY = YES;
				GCC_C_LANGUAGE_STANDARD = gnu99;
				GCC_DYNAMIC_NO_PIC = NO;
				GCC_NO_COMMON_BLOCKS = YES;
				GCC_OPTIMIZATION_LEVEL = 0;
				GCC_PREPROCESSOR_DEFINITIONS = (
					"DEBUG=1",
					"$(inherited)",
				);
				GCC_WARN_64_TO_32_BIT_CONVERSION = YES;
				GCC_WARN_ABOUT_RETURN_TYPE = YES_ERROR;
				GCC_WARN_UNDECLARED_SELECTOR = YES;
				GCC_WARN_UNINITIALIZED_AUTOS = YES_AGGRESSIVE;
				GCC_WARN_UNUSED_FUNCTION = YES;
				GCC_WARN_UNUSED_VARIABLE = YES;
				MACOSX_DEPLOYMENT_TARGET = 10.11;
				MTL_ENABLE_DEBUG_INFO = YES;
				ONLY_ACTIVE_ARCH = YES;
				SDKROOT = macosx;
				SWIFT_OPTIMIZATION_LEVEL = "-Onone";
			};
			name = Debug;
		};
		71444C731C21041900BD7407 /* Release */ = {
			isa = XCBuildConfiguration;
			buildSettings = {
				ALWAYS_SEARCH_USER_PATHS = NO;
				CLANG_CXX_LANGUAGE_STANDARD = "gnu++0x";
				CLANG_CXX_LIBRARY = "libc++";
				CLANG_ENABLE_MODULES = YES;
				CLANG_ENABLE_OBJC_ARC = YES;
				CLANG_WARN_BOOL_CONVERSION = YES;
				CLANG_WARN_CONSTANT_CONVERSION = YES;
				CLANG_WARN_DIRECT_OBJC_ISA_USAGE = YES_ERROR;
				CLANG_WARN_EMPTY_BODY = YES;
				CLANG_WARN_ENUM_CONVERSION = YES;
				CLANG_WARN_INT_CONVERSION = YES;
				CLANG_WARN_OBJC_ROOT_CLASS = YES_ERROR;
				CLANG_WARN_UNREACHABLE_CODE = YES;
				CLANG_WARN__DUPLICATE_METHOD_MATCH = YES;
				CODE_SIGN_IDENTITY = "-";
				COPY_PHASE_STRIP = NO;
				DEBUG_INFORMATION_FORMAT = "dwarf-with-dsym";
				ENABLE_NS_ASSERTIONS = NO;
				ENABLE_STRICT_OBJC_MSGSEND = YES;
				GCC_C_LANGUAGE_STANDARD = gnu99;
				GCC_NO_COMMON_BLOCKS = YES;
				GCC_WARN_64_TO_32_BIT_CONVERSION = YES;
				GCC_WARN_ABOUT_RETURN_TYPE = YES_ERROR;
				GCC_WARN_UNDECLARED_SELECTOR = YES;
				GCC_WARN_UNINITIALIZED_AUTOS = YES_AGGRESSIVE;
				GCC_WARN_UNUSED_FUNCTION = YES;
				GCC_WARN_UNUSED_VARIABLE = YES;
				MACOSX_DEPLOYMENT_TARGET = 10.11;
				MTL_ENABLE_DEBUG_INFO = NO;
				SDKROOT = macosx;
			};
			name = Release;
		};
		71444C751C21041900BD7407 /* Debug */ = {
			isa = XCBuildConfiguration;
			buildSettings = {
				PRODUCT_NAME = "$(TARGET_NAME)";
			};
			name = Debug;
		};
		71444C761C21041900BD7407 /* Release */ = {
			isa = XCBuildConfiguration;
			buildSettings = {
				PRODUCT_NAME = "$(TARGET_NAME)";
			};
			name = Release;
		};
/* End XCBuildConfiguration section */

/* Begin XCConfigurationList section */
		71444C681C21041900BD7407 /* Build configuration list for PBXProject "ObjectPool" */ = {
			isa = XCConfigurationList;
			buildConfigurations = (
				71444C721C21041900BD7407 /* Debug */,
				71444C731C21041900BD7407 /* Release */,
			);
			defaultConfigurationIsVisible = 0;
			defaultConfigurationName = Release;
		};
		71444C741C21041900BD7407 /* Build configuration list for PBXNativeTarget "ObjectPool" */ = {
			isa = XCConfigurationList;
			buildConfigurations = (
				71444C751C21041900BD7407 /* Debug */,
				71444C761C21041900BD7407 /* Release */,
			);
			defaultConfigurationIsVisible = 0;
			defaultConfigurationName = Release;
		};
/* End XCConfigurationList section */
	};
	rootObject = 71444C651C21041900BD7407 /* Project object */;
}
